
Microsoft Visual Studio Solution File, Format Version 12.00
# Visual Studio Version 17
VisualStudioVersion = 17.4.33213.308
MinimumVisualStudioVersion = 10.0.40219.1
Project("{FAE04EC0-301F-11D3-BF4B-00C04F79EFBC}") = "BAC - MongoDB", "BAC - MongoDB\BAC - MongoDB.csproj", "{1CF6FBCA-D4DD-457D-AD09-B91479E4E799}"
EndProject
Global
	GlobalSection(SolutionConfigurationPlatforms) = preSolution
		Debug|Any CPU = Debug|Any CPU
		Release|Any CPU = Release|Any CPU
	EndGlobalSection
	GlobalSection(ProjectConfigurationPlatforms) = postSolution
		{1CF6FBCA-D4DD-457D-AD09-B91479E4E799}.Debug|Any CPU.ActiveCfg = Debug|Any CPU
		{1CF6FBCA-D4DD-457D-AD09-B91479E4E799}.Debug|Any CPU.Build.0 = Debug|Any CPU
		{1CF6FBCA-D4DD-457D-AD09-B91479E4E799}.Release|Any CPU.ActiveCfg = Release|Any CPU
		{1CF6FBCA-D4DD-457D-AD09-B91479E4E799}.Release|Any CPU.Build.0 = Release|Any CPU
	EndGlobalSection
	GlobalSection(SolutionProperties) = preSolution
		HideSolutionNode = FALSE
	EndGlobalSection
	GlobalSection(ExtensibilityGlobals) = postSolution
		SolutionGuid = {85FE88D2-620F-40C3-BCEC-33F60CE1E961}
	EndGlobalSection
EndGlobal
